
Microsoft Visual Studio Solution File, Format Version 12.00
# Visual Studio Version 17
VisualStudioVersion = 17.13.35825.156 d17.13
MinimumVisualStudioVersion = 10.0.40219.1
Project("{888888A0-9F3D-457C-B088-3A5042F75D52}") = "work3task1", "work3task1\work3task1.pyproj", "{F9C57717-DE96-435D-9638-97A980DE0C2A}"
EndProject
Global
	GlobalSection(SolutionConfigurationPlatforms) = preSolution
		Debug|Any CPU = Debug|Any CPU
		Release|Any CPU = Release|Any CPU
	EndGlobalSection
	GlobalSection(ProjectConfigurationPlatforms) = postSolution
		{F9C57717-DE96-435D-9638-97A980DE0C2A}.Debug|Any CPU.ActiveCfg = Debug|Any CPU
		{F9C57717-DE96-435D-9638-97A980DE0C2A}.Release|Any CPU.ActiveCfg = Release|Any CPU
	EndGlobalSection
	GlobalSection(SolutionProperties) = preSolution
		HideSolutionNode = FALSE
	EndGlobalSection
	GlobalSection(ExtensibilityGlobals) = postSolution
		SolutionGuid = {A59EBFA1-32DD-4284-907E-6E293C6AD4D3}
	EndGlobalSection
EndGlobal
